// !$*UTF8*$!
{
	archiveVersion = 1;
	classes = {
	};
	objectVersion = 55;
	objects = {

/* Begin PBXBuildFile section */
		D309D2142802CFB000F24A64 /* Margarita.swift in Sources */ = {isa = PBXBuildFile; fileRef = D309D2132802CFB000F24A64 /* Margarita.swift */; };
		D309D2162802CFBC00F24A64 /* NetworkManager.swift in Sources */ = {isa = PBXBuildFile; fileRef = D309D2152802CFBC00F24A64 /* NetworkManager.swift */; };
		D309D2182802D02B00F24A64 /* MargaritasTypesTableViewController.swift in Sources */ = {isa = PBXBuildFile; fileRef = D309D2172802D02B00F24A64 /* MargaritasTypesTableViewController.swift */; };
		D315B6BE2802CD41002E3911 /* AppDelegate.swift in Sources */ = {isa = PBXBuildFile; fileRef = D315B6BD2802CD41002E3911 /* AppDelegate.swift */; };
		D315B6C02802CD41002E3911 /* SceneDelegate.swift in Sources */ = {isa = PBXBuildFile; fileRef = D315B6BF2802CD41002E3911 /* SceneDelegate.swift */; };
		D315B6C52802CD41002E3911 /* Main.storyboard in Resources */ = {isa = PBXBuildFile; fileRef = D315B6C32802CD41002E3911 /* Main.storyboard */; };
		D315B6C72802CD42002E3911 /* Assets.xcassets in Resources */ = {isa = PBXBuildFile; fileRef = D315B6C62802CD42002E3911 /* Assets.xcassets */; };
		D315B6CA2802CD42002E3911 /* LaunchScreen.storyboard in Resources */ = {isa = PBXBuildFile; fileRef = D315B6C82802CD42002E3911 /* LaunchScreen.storyboard */; };
/* End PBXBuildFile section */

/* Begin PBXFileReference section */
		D309D2132802CFB000F24A64 /* Margarita.swift */ = {isa = PBXFileReference; lastKnownFileType = sourcecode.swift; path = Margarita.swift; sourceTree = "<group>"; };
		D309D2152802CFBC00F24A64 /* NetworkManager.swift */ = {isa = PBXFileReference; lastKnownFileType = sourcecode.swift; path = NetworkManager.swift; sourceTree = "<group>"; };
		D309D2172802D02B00F24A64 /* MargaritasTypesTableViewController.swift */ = {isa = PBXFileReference; lastKnownFileType = sourcecode.swift; path = MargaritasTypesTableViewController.swift; sourceTree = "<group>"; };
		D315B6BA2802CD41002E3911 /* MakeYourMargarita.app */ = {isa = PBXFileReference; explicitFileType = wrapper.application; includeInIndex = 0; path = MakeYourMargarita.app; sourceTree = BUILT_PRODUCTS_DIR; };
		D315B6BD2802CD41002E3911 /* AppDelegate.swift */ = {isa = PBXFileReference; lastKnownFileType = sourcecode.swift; path = AppDelegate.swift; sourceTree = "<group>"; };
		D315B6BF2802CD41002E3911 /* SceneDelegate.swift */ = {isa = PBXFileReference; lastKnownFileType = sourcecode.swift; path = SceneDelegate.swift; sourceTree = "<group>"; };
		D315B6C42802CD41002E3911 /* Base */ = {isa = PBXFileReference; lastKnownFileType = file.storyboard; name = Base; path = Base.lproj/Main.storyboard; sourceTree = "<group>"; };
		D315B6C62802CD42002E3911 /* Assets.xcassets */ = {isa = PBXFileReference; lastKnownFileType = folder.assetcatalog; path = Assets.xcassets; sourceTree = "<group>"; };
		D315B6C92802CD42002E3911 /* Base */ = {isa = PBXFileReference; lastKnownFileType = file.storyboard; name = Base; path = Base.lproj/LaunchScreen.storyboard; sourceTree = "<group>"; };
		D315B6CB2802CD42002E3911 /* Info.plist */ = {isa = PBXFileReference; lastKnownFileType = text.plist.xml; path = Info.plist; sourceTree = "<group>"; };
/* End PBXFileReference section */

/* Begin PBXFrameworksBuildPhase section */
		D315B6B72802CD41002E3911 /* Frameworks */ = {
			isa = PBXFrameworksBuildPhase;
			buildActionMask = 2147483647;
			files = (
			);
			runOnlyForDeploymentPostprocessing = 0;
		};
/* End PBXFrameworksBuildPhase section */

/* Begin PBXGroup section */
		D309D2122802CF5200F24A64 /* ViewControllers */ = {
			isa = PBXGroup;
			children = (
				D309D2172802D02B00F24A64 /* MargaritasTypesTableViewController.swift */,
			);
			path = ViewControllers;
			sourceTree = "<group>";
		};
		D315B6B12802CD41002E3911 = {
			isa = PBXGroup;
			children = (
				D315B6BC2802CD41002E3911 /* MakeYourMargarita */,
				D315B6BB2802CD41002E3911 /* Products */,
			);
			sourceTree = "<group>";
		};
		D315B6BB2802CD41002E3911 /* Products */ = {
			isa = PBXGroup;
			children = (
				D315B6BA2802CD41002E3911 /* MakeYourMargarita.app */,
			);
			name = Products;
			sourceTree = "<group>";
		};
		D315B6BC2802CD41002E3911 /* MakeYourMargarita */ = {
			isa = PBXGroup;
			children = (
				D309D2122802CF5200F24A64 /* ViewControllers */,
				D315B6D52802CD84002E3911 /* Services */,
				D315B6D42802CD6C002E3911 /* Models */,
				D315B6D12802CD58002E3911 /* App */,
				D315B6D22802CD5E002E3911 /* Storyboards */,
				D315B6D32802CD65002E3911 /* Resources */,
			);
			path = MakeYourMargarita;
			sourceTree = "<group>";
		};
		D315B6D12802CD58002E3911 /* App */ = {
			isa = PBXGroup;
			children = (
				D315B6BD2802CD41002E3911 /* AppDelegate.swift */,
				D315B6BF2802CD41002E3911 /* SceneDelegate.swift */,
				D315B6CB2802CD42002E3911 /* Info.plist */,
			);
			path = App;
			sourceTree = "<group>";
		};
		D315B6D22802CD5E002E3911 /* Storyboards */ = {
			isa = PBXGroup;
			children = (
				D315B6C32802CD41002E3911 /* Main.storyboard */,
				D315B6C82802CD42002E3911 /* LaunchScreen.storyboard */,
			);
			path = Storyboards;
			sourceTree = "<group>";
		};
		D315B6D32802CD65002E3911 /* Resources */ = {
			isa = PBXGroup;
			children = (
				D315B6C62802CD42002E3911 /* Assets.xcassets */,
			);
			path = Resources;
			sourceTree = "<group>";
		};
		D315B6D42802CD6C002E3911 /* Models */ = {
			isa = PBXGroup;
			children = (
				D309D2132802CFB000F24A64 /* Margarita.swift */,
			);
			path = Models;
			sourceTree = "<group>";
		};
		D315B6D52802CD84002E3911 /* Services */ = {
			isa = PBXGroup;
			children = (
				D309D2152802CFBC00F24A64 /* NetworkManager.swift */,
			);
			path = Services;
			sourceTree = "<group>";
		};
/* End PBXGroup section */

/* Begin PBXNativeTarget section */
		D315B6B92802CD41002E3911 /* MakeYourMargarita */ = {
			isa = PBXNativeTarget;
			buildConfigurationList = D315B6CE2802CD42002E3911 /* Build configuration list for PBXNativeTarget "MakeYourMargarita" */;
			buildPhases = (
				D315B6B62802CD41002E3911 /* Sources */,
				D315B6B72802CD41002E3911 /* Frameworks */,
				D315B6B82802CD41002E3911 /* Resources */,
			);
			buildRules = (
			);
			dependencies = (
			);
			name = MakeYourMargarita;
			productName = MakeYourMargarita;
			productReference = D315B6BA2802CD41002E3911 /* MakeYourMargarita.app */;
			productType = "com.apple.product-type.application";
		};
/* End PBXNativeTarget section */

/* Begin PBXProject section */
		D315B6B22802CD41002E3911 /* Project object */ = {
			isa = PBXProject;
			attributes = {
				BuildIndependentTargetsInParallel = 1;
				LastSwiftUpdateCheck = 1330;
				LastUpgradeCheck = 1330;
				TargetAttributes = {
					D315B6B92802CD41002E3911 = {
						CreatedOnToolsVersion = 13.3;
					};
				};
			};
			buildConfigurationList = D315B6B52802CD41002E3911 /* Build configuration list for PBXProject "MakeYourMargarita" */;
			compatibilityVersion = "Xcode 13.0";
			developmentRegion = en;
			hasScannedForEncodings = 0;
			knownRegions = (
				en,
				Base,
			);
			mainGroup = D315B6B12802CD41002E3911;
			productRefGroup = D315B6BB2802CD41002E3911 /* Products */;
			projectDirPath = "";
			projectRoot = "";
			targets = (
				D315B6B92802CD41002E3911 /* MakeYourMargarita */,
			);
		};
/* End PBXProject section */

/* Begin PBXResourcesBuildPhase section */
		D315B6B82802CD41002E3911 /* Resources */ = {
			isa = PBXResourcesBuildPhase;
			buildActionMask = 2147483647;
			files = (
				D315B6CA2802CD42002E3911 /* LaunchScreen.storyboard in Resources */,
				D315B6C72802CD42002E3911 /* Assets.xcassets in Resources */,
				D315B6C52802CD41002E3911 /* Main.storyboard in Resources */,
			);
			runOnlyForDeploymentPostprocessing = 0;
		};
/* End PBXResourcesBuildPhase section */

/* Begin PBXSourcesBuildPhase section */
		D315B6B62802CD41002E3911 /* Sources */ = {
			isa = PBXSourcesBuildPhase;
			buildActionMask = 2147483647;
			files = (
				D309D2162802CFBC00F24A64 /* NetworkManager.swift in Sources */,
				D309D2182802D02B00F24A64 /* MargaritasTypesTableViewController.swift in Sources */,
				D315B6BE2802CD41002E3911 /* AppDelegate.swift in Sources */,
				D309D2142802CFB000F24A64 /* Margarita.swift in Sources */,
				D315B6C02802CD41002E3911 /* SceneDelegate.swift in Sources */,
			);
			runOnlyForDeploymentPostprocessing = 0;
		};
/* End PBXSourcesBuildPhase section */

/* Begin PBXVariantGroup section */
		D315B6C32802CD41002E3911 /* Main.storyboard */ = {
			isa = PBXVariantGroup;
			children = (
				D315B6C42802CD41002E3911 /* Base */,
			);
			name = Main.storyboard;
			sourceTree = "<group>";
		};
		D315B6C82802CD42002E3911 /* LaunchScreen.storyboard */ = {
			isa = PBXVariantGroup;
			children = (
				D315B6C92802CD42002E3911 /* Base */,
			);
			name = LaunchScreen.storyboard;
			sourceTree = "<group>";
		};
/* End PBXVariantGroup section */

/* Begin XCBuildConfiguration section */
		D315B6CC2802CD42002E3911 /* Debug */ = {
			isa = XCBuildConfiguration;
			buildSettings = {
				ALWAYS_SEARCH_USER_PATHS = NO;
				CLANG_ANALYZER_NONNULL = YES;
				CLANG_ANALYZER_NUMBER_OBJECT_CONVERSION = YES_AGGRESSIVE;
				CLANG_CXX_LANGUAGE_STANDARD = "gnu++17";
				CLANG_ENABLE_MODULES = YES;
				CLANG_ENABLE_OBJC_ARC = YES;
				CLANG_ENABLE_OBJC_WEAK = YES;
				CLANG_WARN_BLOCK_CAPTURE_AUTORELEASING = YES;
				CLANG_WARN_BOOL_CONVERSION = YES;
				CLANG_WARN_COMMA = YES;
				CLANG_WARN_CONSTANT_CONVERSION = YES;
				CLANG_WARN_DEPRECATED_OBJC_IMPLEMENTATIONS = YES;
				CLANG_WARN_DIRECT_OBJC_ISA_USAGE = YES_ERROR;
				CLANG_WARN_DOCUMENTATION_COMMENTS = YES;
				CLANG_WARN_EMPTY_BODY = YES;
				CLANG_WARN_ENUM_CONVERSION = YES;
				CLANG_WARN_INFINITE_RECURSION = YES;
				CLANG_WARN_INT_CONVERSION = YES;
				CLANG_WARN_NON_LITERAL_NULL_CONVERSION = YES;
				CLANG_WARN_OBJC_IMPLICIT_RETAIN_SELF = YES;
				CLANG_WARN_OBJC_LITERAL_CONVERSION = YES;
				CLANG_WARN_OBJC_ROOT_CLASS = YES_ERROR;
				CLANG_WARN_QUOTED_INCLUDE_IN_FRAMEWORK_HEADER = YES;
				CLANG_WARN_RANGE_LOOP_ANALYSIS = YES;
				CLANG_WARN_STRICT_PROTOTYPES = YES;
				CLANG_WARN_SUSPICIOUS_MOVE = YES;
				CLANG_WARN_UNGUARDED_AVAILABILITY = YES_AGGRESSIVE;
				CLANG_WARN_UNREACHABLE_CODE = YES;
				CLANG_WARN__DUPLICATE_METHOD_MATCH = YES;
				COPY_PHASE_STRIP = NO;
				DEBUG_INFORMATION_FORMAT = dwarf;
				ENABLE_STRICT_OBJC_MSGSEND = YES;
				ENABLE_TESTABILITY = YES;
				GCC_C_LANGUAGE_STANDARD = gnu11;
				GCC_DYNAMIC_NO_PIC = NO;
				GCC_NO_COMMON_BLOCKS = YES;
				GCC_OPTIMIZATION_LEVEL = 0;
				GCC_PREPROCESSOR_DEFINITIONS = (
					"DEBUG=1",
					"$(inherited)",
				);
				GCC_WARN_64_TO_32_BIT_CONVERSION = YES;
				GCC_WARN_ABOUT_RETURN_TYPE = YES_ERROR;
				GCC_WARN_UNDECLARED_SELECTOR = YES;
				GCC_WARN_UNINITIALIZED_AUTOS = YES_AGGRESSIVE;
				GCC_WARN_UNUSED_FUNCTION = YES;
				GCC_WARN_UNUSED_VARIABLE = YES;
				IPHONEOS_DEPLOYMENT_TARGET = 15.4;
				MTL_ENABLE_DEBUG_INFO = INCLUDE_SOURCE;
				MTL_FAST_MATH = YES;
				ONLY_ACTIVE_ARCH = YES;
				SDKROOT = iphoneos;
				SWIFT_ACTIVE_COMPILATION_CONDITIONS = DEBUG;
				SWIFT_OPTIMIZATION_LEVEL = "-Onone";
			};
			name = Debug;
		};
		D315B6CD2802CD42002E3911 /* Release */ = {
			isa = XCBuildConfiguration;
			buildSettings = {
				ALWAYS_SEARCH_USER_PATHS = NO;
				CLANG_ANALYZER_NONNULL = YES;
				CLANG_ANALYZER_NUMBER_OBJECT_CONVERSION = YES_AGGRESSIVE;
				CLANG_CXX_LANGUAGE_STANDARD = "gnu++17";
				CLANG_ENABLE_MODULES = YES;
				CLANG_ENABLE_OBJC_ARC = YES;
				CLANG_ENABLE_OBJC_WEAK = YES;
				CLANG_WARN_BLOCK_CAPTURE_AUTORELEASING = YES;
				CLANG_WARN_BOOL_CONVERSION = YES;
				CLANG_WARN_COMMA = YES;
				CLANG_WARN_CONSTANT_CONVERSION = YES;
				CLANG_WARN_DEPRECATED_OBJC_IMPLEMENTATIONS = YES;
				CLANG_WARN_DIRECT_OBJC_ISA_USAGE = YES_ERROR;
				CLANG_WARN_DOCUMENTATION_COMMENTS = YES;
				CLANG_WARN_EMPTY_BODY = YES;
				CLANG_WARN_ENUM_CONVERSION = YES;
				CLANG_WARN_INFINITE_RECURSION = YES;
				CLANG_WARN_INT_CONVERSION = YES;
				CLANG_WARN_NON_LITERAL_NULL_CONVERSION = YES;
				CLANG_WARN_OBJC_IMPLICIT_RETAIN_SELF = YES;
				CLANG_WARN_OBJC_LITERAL_CONVERSION = YES;
				CLANG_WARN_OBJC_ROOT_CLASS = YES_ERROR;
				CLANG_WARN_QUOTED_INCLUDE_IN_FRAMEWORK_HEADER = YES;
				CLANG_WARN_RANGE_LOOP_ANALYSIS = YES;
				CLANG_WARN_STRICT_PROTOTYPES = YES;
				CLANG_WARN_SUSPICIOUS_MOVE = YES;
				CLANG_WARN_UNGUARDED_AVAILABILITY = YES_AGGRESSIVE;
				CLANG_WARN_UNREACHABLE_CODE = YES;
				CLANG_WARN__DUPLICATE_METHOD_MATCH = YES;
				COPY_PHASE_STRIP = NO;
				DEBUG_INFORMATION_FORMAT = "dwarf-with-dsym";
				ENABLE_NS_ASSERTIONS = NO;
				ENABLE_STRICT_OBJC_MSGSEND = YES;
				GCC_C_LANGUAGE_STANDARD = gnu11;
				GCC_NO_COMMON_BLOCKS = YES;
				GCC_WARN_64_TO_32_BIT_CONVERSION = YES;
				GCC_WARN_ABOUT_RETURN_TYPE = YES_ERROR;
				GCC_WARN_UNDECLARED_SELECTOR = YES;
				GCC_WARN_UNINITIALIZED_AUTOS = YES_AGGRESSIVE;
				GCC_WARN_UNUSED_FUNCTION = YES;
				GCC_WARN_UNUSED_VARIABLE = YES;
				IPHONEOS_DEPLOYMENT_TARGET = 15.4;
				MTL_ENABLE_DEBUG_INFO = NO;
				MTL_FAST_MATH = YES;
				SDKROOT = iphoneos;
				SWIFT_COMPILATION_MODE = wholemodule;
				SWIFT_OPTIMIZATION_LEVEL = "-O";
				VALIDATE_PRODUCT = YES;
			};
			name = Release;
		};
		D315B6CF2802CD42002E3911 /* Debug */ = {
			isa = XCBuildConfiguration;
			buildSettings = {
				ASSETCATALOG_COMPILER_APPICON_NAME = AppIcon;
				ASSETCATALOG_COMPILER_GLOBAL_ACCENT_COLOR_NAME = AccentColor;
				CODE_SIGN_STYLE = Automatic;
				CURRENT_PROJECT_VERSION = 1;
				DEVELOPMENT_TEAM = S975MC8VZ3;
				GENERATE_INFOPLIST_FILE = YES;
				INFOPLIST_FILE = MakeYourMargarita/App/Info.plist;
				INFOPLIST_KEY_UIApplicationSupportsIndirectInputEvents = YES;
				INFOPLIST_KEY_UILaunchStoryboardName = LaunchScreen;
				INFOPLIST_KEY_UIMainStoryboardFile = Main;
				INFOPLIST_KEY_UISupportedInterfaceOrientations = UIInterfaceOrientationPortrait;
				INFOPLIST_KEY_UISupportedInterfaceOrientations_iPad = "UIInterfaceOrientationPortrait UIInterfaceOrientationPortraitUpsideDown UIInterfaceOrientationLandscapeLeft UIInterfaceOrientationLandscapeRight";
				INFOPLIST_KEY_UISupportedInterfaceOrientations_iPhone = "UIInterfaceOrientationPortrait UIInterfaceOrientationLandscapeLeft UIInterfaceOrientationLandscapeRight";
				IPHONEOS_DEPLOYMENT_TARGET = 15.0;
				LD_RUNPATH_SEARCH_PATHS = (
					"$(inherited)",
					"@executable_path/Frameworks",
				);
				MARKETING_VERSION = 1.0;
				PRODUCT_BUNDLE_IDENTIFIER = "ru.Aleksandra-Moiseenko.MakeYourMargarita";
				PRODUCT_NAME = "$(TARGET_NAME)";
				SWIFT_EMIT_LOC_STRINGS = YES;
				SWIFT_VERSION = 5.0;
				TARGETED_DEVICE_FAMILY = 1;
			};
			name = Debug;
		};
		D315B6D02802CD42002E3911 /* Release */ = {
			isa = XCBuildConfiguration;
			buildSettings = {
				ASSETCATALOG_COMPILER_APPICON_NAME = AppIcon;
				ASSETCATALOG_COMPILER_GLOBAL_ACCENT_COLOR_NAME = AccentColor;
				CODE_SIGN_STYLE = Automatic;
				CURRENT_PROJECT_VERSION = 1;
				DEVELOPMENT_TEAM = S975MC8VZ3;
				GENERATE_INFOPLIST_FILE = YES;
				INFOPLIST_FILE = MakeYourMargarita/App/Info.plist;
				INFOPLIST_KEY_UIApplicationSupportsIndirectInputEvents = YES;
				INFOPLIST_KEY_UILaunchStoryboardName = LaunchScreen;
				INFOPLIST_KEY_UIMainStoryboardFile = Main;
				INFOPLIST_KEY_UISupportedInterfaceOrientations = UIInterfaceOrientationPortrait;
				INFOPLIST_KEY_UISupportedInterfaceOrientations_iPad = "UIInterfaceOrientationPortrait UIInterfaceOrientationPortraitUpsideDown UIInterfaceOrientationLandscapeLeft UIInterfaceOrientationLandscapeRight";
				INFOPLIST_KEY_UISupportedInterfaceOrientations_iPhone = "UIInterfaceOrientationPortrait UIInterfaceOrientationLandscapeLeft UIInterfaceOrientationLandscapeRight";
				IPHONEOS_DEPLOYMENT_TARGET = 15.0;
				LD_RUNPATH_SEARCH_PATHS = (
					"$(inherited)",
					"@executable_path/Frameworks",
				);
				MARKETING_VERSION = 1.0;
				PRODUCT_BUNDLE_IDENTIFIER = "ru.Aleksandra-Moiseenko.MakeYourMargarita";
				PRODUCT_NAME = "$(TARGET_NAME)";
				SWIFT_EMIT_LOC_STRINGS = YES;
				SWIFT_VERSION = 5.0;
				TARGETED_DEVICE_FAMILY = 1;
			};
			name = Release;
		};
/* End XCBuildConfiguration section */

/* Begin XCConfigurationList section */
		D315B6B52802CD41002E3911 /* Build configuration list for PBXProject "MakeYourMargarita" */ = {
			isa = XCConfigurationList;
			buildConfigurations = (
				D315B6CC2802CD42002E3911 /* Debug */,
				D315B6CD2802CD42002E3911 /* Release */,
			);
			defaultConfigurationIsVisible = 0;
			defaultConfigurationName = Release;
		};
		D315B6CE2802CD42002E3911 /* Build configuration list for PBXNativeTarget "MakeYourMargarita" */ = {
			isa = XCConfigurationList;
			buildConfigurations = (
				D315B6CF2802CD42002E3911 /* Debug */,
				D315B6D02802CD42002E3911 /* Release */,
			);
			defaultConfigurationIsVisible = 0;
			defaultConfigurationName = Release;
		};
/* End XCConfigurationList section */
	};
	rootObject = D315B6B22802CD41002E3911 /* Project object */;
}
